{
    "name": "aubron-packages",
    "lockfileVersion": 2,
    "requires": true,
    "packages": {
        "": {
            "name": "aubron-packages",
            "workspaces": [
                "graff"
            ]
        },
        "graff": {
            "version": "1.0.0",
            "license": "ISC"
        },
        "node_modules/graff": {
            "resolved": "graff",
            "link": true
        }
    },
    "dependencies": {
        "graff": {
            "version": "file:graff"
        }
    }
}
