{
    "name": "aubron-packages",
    "lockfileVersion": 2,
    "requires": true,
    "packages": {
        "": {
            "name": "aubron-packages",
            "dependencies": {
                "chalk": "^5.0.1"
            }
        },
        "node_modules/chalk": {
            "version": "5.0.1",
            "license": "MIT",
            "engines": {
                "node": "^12.17.0 || ^14.13 || >=16.0.0"
            },
            "funding": {
                "url": "https://github.com/chalk/chalk?sponsor=1"
            }
        }
    },
    "dependencies": {
        "chalk": {
            "version": "5.0.1"
        }
    }
}
